{
  "name": "@itkyk/aws-s3-sync",
  "version": "1.0.5",
  "lockfileVersion": 1,
  "requires": true,
  "dependencies": {
    "@types/commander": {
      "version": "2.12.2",
      "resolved": "https://registry.npmjs.org/@types/commander/-/commander-2.12.2.tgz",
      "integrity": "sha512-0QEFiR8ljcHp9bAbWxecjVRuAMr16ivPiGOw6KFQBVrVd0RQIcM3xKdRisH2EDWgVWujiYtHwhSkSUoAAGzH7Q==",
      "requires": {
        "commander": "*"
      }
    },
    "@types/fs-extra": {
      "version": "9.0.13",
      "resolved": "https://registry.npmjs.org/@types/fs-extra/-/fs-extra-9.0.13.tgz",
      "integrity": "sha512-nEnwB++1u5lVDM2UI4c1+5R+FYaKfaAzS4OococimjVm3nQw3TuzH5UNsocrcTBbhnerblyHj4A49qXbIiZdpA==",
      "requires": {
        "@types/node": "*"
      }
    },
    "@types/glob": {
      "version": "7.2.0",
      "resolved": "https://registry.npmjs.org/@types/glob/-/glob-7.2.0.tgz",
      "integrity": "sha512-ZUxbzKl0IfJILTS6t7ip5fQQM/J3TJYubDm3nMbgubNNYS62eXeUpoLUC8/7fJNiFYHTrGPQn7hspDUzIHX3UA==",
      "dev": true,
      "requires": {
        "@types/minimatch": "*",
        "@types/node": "*"
      }
    },
    "@types/minimatch": {
      "version": "3.0.5",
      "resolved": "https://registry.npmjs.org/@types/minimatch/-/minimatch-3.0.5.tgz",
      "integrity": "sha512-Klz949h02Gz2uZCMGwDUSDS1YBlTdDDgbWHi+81l29tQALUtvz4rAYi5uoVhE5Lagoq6DeqAUlbrHvW/mXDgdQ==",
      "dev": true
    },
    "@types/node": {
      "version": "17.0.23",
      "resolved": "https://registry.npmjs.org/@types/node/-/node-17.0.23.tgz",
      "integrity": "sha512-UxDxWn7dl97rKVeVS61vErvw086aCYhDLyvRQZ5Rk65rZKepaFdm53GeqXaKBuOhED4e9uWq34IC3TdSdJJ2Gw=="
    },
    "aws-sdk": {
      "version": "2.1106.0",
      "resolved": "https://registry.npmjs.org/aws-sdk/-/aws-sdk-2.1106.0.tgz",
      "integrity": "sha512-3dr0TTR2LI70ST8fa4IgXHpWdH4yv7FLnt9YEndwFQ8ar2EMCMpMU67wwCGBA72GUi0aOg4+lsLjGmCvIq3jug==",
      "requires": {
        "buffer": "4.9.2",
        "events": "1.1.1",
        "ieee754": "1.1.13",
        "jmespath": "0.16.0",
        "querystring": "0.2.0",
        "sax": "1.2.1",
        "url": "0.10.3",
        "uuid": "3.3.2",
        "xml2js": "0.4.19"
      }
    },
    "balanced-match": {
      "version": "1.0.2",
      "resolved": "https://registry.npmjs.org/balanced-match/-/balanced-match-1.0.2.tgz",
      "integrity": "sha512-3oSeUO0TMV67hN1AmbXsK4yaqU7tjiHlbxRDZOpH0KW9+CeX4bRAaX0Anxt0tx2MrpRpWwQaPwIlISEJhYU5Pw=="
    },
    "base64-js": {
      "version": "1.5.1",
      "resolved": "https://registry.npmjs.org/base64-js/-/base64-js-1.5.1.tgz",
      "integrity": "sha512-AKpaYlHn8t4SVbOHCy+b5+KKgvR4vrsD8vbvrbiQJps7fKDTkjkDry6ji0rUJjC0kzbNePLwzxq8iypo41qeWA=="
    },
    "brace-expansion": {
      "version": "2.0.2",
      "resolved": "https://registry.npmjs.org/brace-expansion/-/brace-expansion-2.0.2.tgz",
      "integrity": "sha512-Jt0vHyM+jmUBqojB7E1NIYadt0vI0Qxjxd2TErW94wDz+E2LAm5vKMXXwg6ZZBTHPuUlDgQHKXvjGBdfcF1ZDQ==",
      "requires": {
        "balanced-match": "^1.0.0"
      }
    },
    "buffer": {
      "version": "4.9.2",
      "resolved": "https://registry.npmjs.org/buffer/-/buffer-4.9.2.tgz",
      "integrity": "sha512-xq+q3SRMOxGivLhBNaUdC64hDTQwejJ+H0T/NB1XMtTVEwNTrfFF3gAxiyW0Bu/xWEGhjVKgUcMhCrUy2+uCWg==",
      "requires": {
        "base64-js": "^1.0.2",
        "ieee754": "^1.1.4",
        "isarray": "^1.0.0"
      }
    },
    "commander": {
      "version": "9.1.0",
      "resolved": "https://registry.npmjs.org/commander/-/commander-9.1.0.tgz",
      "integrity": "sha512-i0/MaqBtdbnJ4XQs4Pmyb+oFQl+q0lsAmokVUH92SlSw4fkeAcG3bVon+Qt7hmtF+u3Het6o4VgrcY3qAoEB6w=="
    },
    "deepmerge": {
      "version": "4.2.2",
      "resolved": "https://registry.npmjs.org/deepmerge/-/deepmerge-4.2.2.tgz",
      "integrity": "sha512-FJ3UgI4gIl+PHZm53knsuSFpE+nESMr7M4v9QcgB7S63Kj/6WqMiFQJpBBYz1Pt+66bZpP3Q7Lye0Oo9MPKEdg=="
    },
    "dotenv": {
      "version": "16.0.0",
      "resolved": "https://registry.npmjs.org/dotenv/-/dotenv-16.0.0.tgz",
      "integrity": "sha512-qD9WU0MPM4SWLPJy/r2Be+2WgQj8plChsyrCNQzW/0WjvcJQiKQJ9mH3ZgB3fxbUUxgc/11ZJ0Fi5KiimWGz2Q=="
    },
    "events": {
      "version": "1.1.1",
      "resolved": "https://registry.npmjs.org/events/-/events-1.1.1.tgz",
      "integrity": "sha1-nr23Y1rQmccNzEwqH1AEKI6L2SQ="
    },
    "fd-slicer": {
      "version": "1.0.1",
      "resolved": "https://registry.npmjs.org/fd-slicer/-/fd-slicer-1.0.1.tgz",
      "integrity": "sha1-i1vL2ewyfFBBv5qwI/1nUPEXfmU=",
      "requires": {
        "pend": "~1.2.0"
      }
    },
    "findit2": {
      "version": "2.2.3",
      "resolved": "https://registry.npmjs.org/findit2/-/findit2-2.2.3.tgz",
      "integrity": "sha1-WKRmaX34piBc39vzlVNri9d3pfY="
    },
    "fs-extra": {
      "version": "10.0.1",
      "resolved": "https://registry.npmjs.org/fs-extra/-/fs-extra-10.0.1.tgz",
      "integrity": "sha512-NbdoVMZso2Lsrn/QwLXOy6rm0ufY2zEOKCDzJR/0kBsb0E6qed0P3iYK+Ath3BfvXEeu4JhEtXLgILx5psUfag==",
      "requires": {
        "graceful-fs": "^4.2.0",
        "jsonfile": "^6.0.1",
        "universalify": "^2.0.0"
      }
    },
    "fs.realpath": {
      "version": "1.0.0",
      "resolved": "https://registry.npmjs.org/fs.realpath/-/fs.realpath-1.0.0.tgz",
      "integrity": "sha1-FQStJSMVjKpA20onh8sBQRmU6k8="
    },
    "glob": {
      "version": "9.0.0",
      "resolved": "https://registry.npmjs.org/glob/-/glob-9.0.0.tgz",
      "integrity": "sha512-7rdoWzT8/4f1yEe/cMdBug2lmzmYMYU9h4RNNiavPHajhcxt7kkxrOvwSnIPkZMjLQb9BXv7nFoKmTnPPklMyA==",
      "requires": {
        "fs.realpath": "^1.0.0",
        "minimatch": "^7.3.0",
        "minipass": "^4.2.4",
        "path-scurry": "^1.5.0"
      }
    },
    "graceful-fs": {
      "version": "4.2.9",
      "resolved": "https://registry.npmjs.org/graceful-fs/-/graceful-fs-4.2.9.tgz",
      "integrity": "sha512-NtNxqUcXgpW2iMrfqSfR73Glt39K+BLwWsPs94yR63v45T0Wbej7eRmL5cWfwEgqXnmjQp3zaJTshdRW/qC2ZQ=="
    },
    "i": {
      "version": "0.3.7",
      "resolved": "https://registry.npmjs.org/i/-/i-0.3.7.tgz",
      "integrity": "sha512-FYz4wlXgkQwIPqhzC5TdNMLSE5+GS1IIDJZY/1ZiEPCT2S3COUVZeT5OW4BmW4r5LHLQuOosSwsvnroG9GR59Q=="
    },
    "ieee754": {
      "version": "1.1.13",
      "resolved": "https://registry.npmjs.org/ieee754/-/ieee754-1.1.13.tgz",
      "integrity": "sha512-4vf7I2LYV/HaWerSo3XmlMkp5eZ83i+/CDluXi/IGTs/O1sejBNhTtnxzmRZfvOUqj7lZjqHkeTvpgSFDlWZTg=="
    },
    "is-plain-object": {
      "version": "5.0.0",
      "resolved": "https://registry.npmjs.org/is-plain-object/-/is-plain-object-5.0.0.tgz",
      "integrity": "sha512-VRSzKkbMm5jMDoKLbltAkFQ5Qr7VDiTFGXxYFXXowVj387GeGNOCsOH6Msy00SGZ3Fp84b1Naa1psqgcCIEP5Q=="
    },
    "isarray": {
      "version": "1.0.0",
      "resolved": "https://registry.npmjs.org/isarray/-/isarray-1.0.0.tgz",
      "integrity": "sha1-u5NdSFgsuhaMBoNJV6VKPgcSTxE="
    },
    "jmespath": {
      "version": "0.16.0",
      "resolved": "https://registry.npmjs.org/jmespath/-/jmespath-0.16.0.tgz",
      "integrity": "sha512-9FzQjJ7MATs1tSpnco1K6ayiYE3figslrXA72G2HQ/n76RzvYlofyi5QM+iX4YRs/pu3yzxlVQSST23+dMDknw=="
    },
    "jsonfile": {
      "version": "6.1.0",
      "resolved": "https://registry.npmjs.org/jsonfile/-/jsonfile-6.1.0.tgz",
      "integrity": "sha512-5dgndWOriYSm5cnYaJNhalLNDKOqFwyDB/rr1E9ZsGciGvKPs8R2xYGCacuf3z6K1YKDz182fd+fY3cn3pMqXQ==",
      "requires": {
        "graceful-fs": "^4.1.6",
        "universalify": "^2.0.0"
      }
    },
    "lodash": {
      "version": "3.5.0",
      "resolved": "https://registry.npmjs.org/lodash/-/lodash-3.5.0.tgz",
      "integrity": "sha1-Gbs/TVEnjwuMgY7RRcdOz5/kDm0="
    },
    "lru-cache": {
      "version": "10.4.3",
      "resolved": "https://registry.npmjs.org/lru-cache/-/lru-cache-10.4.3.tgz",
      "integrity": "sha512-JNAzZcXrCt42VGLuYz0zfAzDfAvJWW6AfYlDBQyDV5DClI2m5sAmK+OIO7s59XfsRsWHp02jAJrRadPRGTt6SQ=="
    },
    "mime": {
      "version": "1.2.11",
      "resolved": "https://registry.npmjs.org/mime/-/mime-1.2.11.tgz",
      "integrity": "sha1-WCA+7Ybjpe8XrtK32evUfwpg3RA="
    },
    "minimatch": {
      "version": "7.4.6",
      "resolved": "https://registry.npmjs.org/minimatch/-/minimatch-7.4.6.tgz",
      "integrity": "sha512-sBz8G/YjVniEz6lKPNpKxXwazJe4c19fEfV2GDMX6AjFz+MX9uDWIZW8XreVhkFW3fkIdTv/gxWr/Kks5FFAVw==",
      "requires": {
        "brace-expansion": "^2.0.1"
      }
    },
    "minimist": {
      "version": "1.2.6",
      "resolved": "https://registry.npmjs.org/minimist/-/minimist-1.2.6.tgz",
      "integrity": "sha512-Jsjnk4bw3YJqYzbdyBiNsPWHPfO++UGG749Cxs6peCu5Xg4nrena6OVxOYxrQTqww0Jmwt+Ref8rggumkTLz9Q=="
    },
    "minipass": {
      "version": "4.2.8",
      "resolved": "https://registry.npmjs.org/minipass/-/minipass-4.2.8.tgz",
      "integrity": "sha512-fNzuVyifolSLFL4NzpF+wEF4qrgqaaKX0haXPQEdQ7NKAN+WecoKMHV09YcuL/DHxrUsYQOK3MiuDf7Ip2OXfQ=="
    },
    "mkdirp": {
      "version": "0.5.6",
      "resolved": "https://registry.npmjs.org/mkdirp/-/mkdirp-0.5.6.tgz",
      "integrity": "sha512-FP+p8RB8OWpF3YZBCrP5gtADmtXApB5AMLn+vdyA+PyxCjrCs00mjyUozssO33cwDeT3wNGdLxJ5M//YqtHAJw==",
      "requires": {
        "minimist": "^1.2.6"
      }
    },
    "npm": {
      "version": "10.2.2",
      "resolved": "https://registry.npmjs.org/npm/-/npm-10.2.2.tgz",
      "integrity": "sha512-VSP/rh88wBQ+b7bz0NOdZQBQCuWLI/etpWfgUWDmNaMy0MuD1xJBMofEzuFojNpJANVaJCkN5U7KgfPdR2V1fg==",
      "requires": {
        "@isaacs/string-locale-compare": "^1.1.0",
        "@npmcli/arborist": "^7.2.1",
        "@npmcli/config": "^8.0.1",
        "@npmcli/fs": "^3.1.0",
        "@npmcli/map-workspaces": "^3.0.4",
        "@npmcli/package-json": "^5.0.0",
        "@npmcli/promise-spawn": "^7.0.0",
        "@npmcli/run-script": "^7.0.2",
        "@sigstore/tuf": "^2.1.0",
        "abbrev": "^2.0.0",
        "archy": "~1.0.0",
        "cacache": "^18.0.0",
        "chalk": "^5.3.0",
        "ci-info": "^3.9.0",
        "cli-columns": "^4.0.0",
        "cli-table3": "^0.6.3",
        "columnify": "^1.6.0",
        "fastest-levenshtein": "^1.0.16",
        "fs-minipass": "^3.0.3",
        "glob": "^10.3.10",
        "graceful-fs": "^4.2.11",
        "hosted-git-info": "^7.0.1",
        "ini": "^4.1.1",
        "init-package-json": "^6.0.0",
        "is-cidr": "^4.0.2",
        "json-parse-even-better-errors": "^3.0.0",
        "libnpmaccess": "^8.0.1",
        "libnpmdiff": "^6.0.3",
        "libnpmexec": "^7.0.3",
        "libnpmfund": "^5.0.1",
        "libnpmhook": "^10.0.0",
        "libnpmorg": "^6.0.1",
        "libnpmpack": "^6.0.3",
        "libnpmpublish": "^9.0.1",
        "libnpmsearch": "^7.0.0",
        "libnpmteam": "^6.0.0",
        "libnpmversion": "^5.0.1",
        "make-fetch-happen": "^13.0.0",
        "minimatch": "^9.0.3",
        "minipass": "^7.0.4",
        "minipass-pipeline": "^1.2.4",
        "ms": "^2.1.2",
        "node-gyp": "^10.0.0",
        "nopt": "^7.2.0",
        "normalize-package-data": "^6.0.0",
        "npm-audit-report": "^5.0.0",
        "npm-install-checks": "^6.3.0",
        "npm-package-arg": "^11.0.1",
        "npm-pick-manifest": "^9.0.0",
        "npm-profile": "^9.0.0",
        "npm-registry-fetch": "^16.1.0",
        "npm-user-validate": "^2.0.0",
        "npmlog": "^7.0.1",
        "p-map": "^4.0.0",
        "pacote": "^17.0.4",
        "parse-conflict-json": "^3.0.1",
        "proc-log": "^3.0.0",
        "qrcode-terminal": "^0.12.0",
        "read": "^2.1.0",
        "semver": "^7.5.4",
        "spdx-expression-parse": "^3.0.1",
        "ssri": "^10.0.5",
        "strip-ansi": "^6.0.1",
        "supports-color": "^9.4.0",
        "tar": "^6.2.0",
        "text-table": "~0.2.0",
        "tiny-relative-date": "^1.3.0",
        "treeverse": "^3.0.0",
        "validate-npm-package-name": "^5.0.0",
        "which": "^4.0.0",
        "write-file-atomic": "^5.0.1"
      },
      "dependencies": {
        "ansi-regex": {
          "version": "5.0.1",
          "integrity": "sha512-quJQXlTSUGL2LH9SUXo8VwsY4soanhgo6LNSm84E1LBcE8s3O0wpdiRzyR9z/ZZJMlMWv37qOOb9pdJlMUEKFQ==",
          "bundled": true
        },
        "archy": {
          "version": "1.0.0",
          "integrity": "sha512-Xg+9RwCg/0p32teKdGMPTPnVXKD0w3DfHnFTficozsAgsvq2XenPJq/MYpzzQ/v8zrOyJn6Ds39VA4JIDwFfqw==",
          "bundled": true
        },
        "cidr-regex": {
          "version": "3.1.1",
          "integrity": "sha512-RBqYd32aDwbCMFJRL6wHOlDNYJsPNTt8vC82ErHF5vKt8QQzxm1FrkW8s/R5pVrXMf17sba09Uoy91PKiddAsw==",
          "bundled": true,
          "requires": {
            "ip-regex": "^4.1.0"
          }
        },
        "cli-columns": {
          "version": "4.0.0",
          "integrity": "sha512-XW2Vg+w+L9on9wtwKpyzluIPCWXjaBahI7mTcYjx+BVIYD9c3yqcv/yKC7CmdCZat4rq2yiE1UMSJC5ivKfMtQ==",
          "bundled": true,
          "requires": {
            "string-width": "^4.2.3",
            "strip-ansi": "^6.0.1"
          }
        },
        "clone": {
          "version": "1.0.4",
          "integrity": "sha512-JQHZ2QMW6l3aH/j6xCqQThY/9OH4D/9ls34cgkUBiEeocRTU04tHfKPBsUK1PqZCUQM7GiA0IIXJSuXHI64Kbg==",
          "bundled": true
        },
        "columnify": {
          "version": "1.6.0",
          "integrity": "sha512-lomjuFZKfM6MSAnV9aCZC9sc0qGbmZdfygNv+nCpqVkSKdCxCklLtd16O0EILGkImHw9ZpHkAnHaB+8Zxq5W6Q==",
          "bundled": true,
          "requires": {
            "strip-ansi": "^6.0.1",
            "wcwidth": "^1.0.0"
          }
        },
        "defaults": {
          "version": "1.0.3",
          "integrity": "sha512-s82itHOnYrN0Ib8r+z7laQz3sdE+4FP3d9Q7VLO7U+KRT+CR0GsWuyHxzdAY82I7cXv0G/twrqomTJLOssO5HA==",
          "bundled": true,
          "requires": {
            "clone": "^1.0.2"
          }
        },
        "emoji-regex": {
          "version": "8.0.0",
          "integrity": "sha512-MSjYzcWNOA0ewAHpz0MxpYFvwg6yjy1NG3xteoqz644VCo/RPgnr1/GGt+ic3iJTzQ8Eu3TdM14SawnVUmGE6A==",
          "bundled": true
        },
        "ip-regex": {
          "version": "4.3.0",
          "integrity": "sha512-B9ZWJxHHOHUhUjCPrMpLD4xEq35bUTClHM1S6CBU5ixQnkZmwipwgc96vAd7AAGM9TGHvJR+Uss+/Ak6UphK+Q==",
          "bundled": true
        },
        "is-cidr": {
          "version": "4.0.2",
          "integrity": "sha512-z4a1ENUajDbEl/Q6/pVBpTR1nBjjEE1X7qb7bmWYanNnPoKAvUCPFKeXV6Fe4mgTkWKBqiHIcwsI3SndiO5FeA==",
          "bundled": true,
          "requires": {
            "cidr-regex": "^3.1.1"
          }
        },
        "is-fullwidth-code-point": {
          "version": "3.0.0",
          "integrity": "sha512-zymm5+u+sCsSWyD9qNaejV3DFvhCKclKdizYaJUuHA83RLjb7nSuGnddCHGv0hk+KY7BMAlsWeK4Ueg6EV6XQg==",
          "bundled": true
        },
        "qrcode-terminal": {
          "version": "0.12.0",
          "integrity": "sha512-EXtzRZmC+YGmGlDFbXKxQiMZNwCLEO6BANKXG4iCtSIM0yqc/pappSx3RIKr4r0uh5JsBckOXeKrB3Iz7mdQpQ==",
          "bundled": true
        },
        "string-width": {
          "version": "4.2.3",
          "integrity": "sha512-wKyQRQpjJ0sIp62ErSZdGsjMJWsap5oRNihHhu6G7JVO/9jIB6UyevL+tXuOqrng8j/cxKTWyWUwvSTriiZz/g==",
          "bundled": true,
          "requires": {
            "emoji-regex": "^8.0.0",
            "is-fullwidth-code-point": "^3.0.0",
            "strip-ansi": "^6.0.1"
          }
        },
        "strip-ansi": {
          "version": "6.0.1",
          "integrity": "sha512-Y38VPSHcqkFrCpFnQ9vuSXmquuv5oXOKpGeT6aGrr3o3Gc9AlVa6JBfUSOCnbxGGZF+/0ooI7KrPuUSztUdU5A==",
          "bundled": true,
          "requires": {
            "ansi-regex": "^5.0.1"
          }
        },
        "text-table": {
          "version": "0.2.0",
          "integrity": "sha512-N+8UisAXDGk8PFXP4HAzVR9nbfmVJ3zYLAWiTIoqC5v5isinhr+r5uaO8+7r3BMfuNIufIsA7RdpVgacC2cSpw==",
          "bundled": true
        },
        "tiny-relative-date": {
          "version": "1.3.0",
          "integrity": "sha512-MOQHpzllWxDCHHaDno30hhLfbouoYlOI8YlMNtvKe1zXbjEVhbcEovQxvZrPvtiYW630GQDoMMarCnjfyfHA+A==",
          "bundled": true
        },
        "wcwidth": {
          "version": "1.0.1",
          "integrity": "sha512-XHPEwS0q6TaxcvG85+8EYkbiCux2XtWG2mkc47Ng2A77BQu9+DqIOJldST4HgPkuea7dvKSj5VgX3P1d4rW8Tg==",
          "bundled": true,
          "requires": {
            "defaults": "^1.0.3"
          }
        }
      }
    },
    "path-scurry": {
      "version": "1.11.1",
      "resolved": "https://registry.npmjs.org/path-scurry/-/path-scurry-1.11.1.tgz",
      "integrity": "sha512-Xa4Nw17FS9ApQFJ9umLiJS4orGjm7ZzwUrwamcGQuHSzDyth9boKDaycYdDcZDuqYATXw4HFXgaqWTctW/v1HA==",
      "requires": {
        "lru-cache": "^10.2.0",
        "minipass": "^5.0.0 || ^6.0.2 || ^7.0.0"
      },
      "dependencies": {
        "minipass": {
          "version": "7.1.2",
          "resolved": "https://registry.npmjs.org/minipass/-/minipass-7.1.2.tgz",
          "integrity": "sha512-qOOzS1cBTWYF4BH8fVePDBOO9iptMnGUEZwNc/cMWnTV2nVLZ7VoNWEPHkYczZA0pdoA7dl6e7FL659nX9S2aw=="
        }
      }
    },
    "pend": {
      "version": "1.2.0",
      "resolved": "https://registry.npmjs.org/pend/-/pend-1.2.0.tgz",
      "integrity": "sha1-elfrVQpng/kRUzH89GY9XI4AelA="
    },
    "punycode": {
      "version": "1.3.2",
      "resolved": "https://registry.npmjs.org/punycode/-/punycode-1.3.2.tgz",
      "integrity": "sha1-llOgNvt8HuQjQvIyXM7v6jkmxI0="
    },
    "querystring": {
      "version": "0.2.0",
      "resolved": "https://registry.npmjs.org/querystring/-/querystring-0.2.0.tgz",
      "integrity": "sha1-sgmEkgO7Jd+CDadW50cAWHhSFiA="
    },
    "rimraf": {
      "version": "2.2.8",
      "resolved": "https://registry.npmjs.org/rimraf/-/rimraf-2.2.8.tgz",
      "integrity": "sha1-5Dm+Kq7jJzIZUnMPmaiSnk/FBYI="
    },
    "s3": {
      "version": "git+ssh://git@github.com/ITakayuki/node-s3-client.git#64599f952f2937f13eb563f5bf8804067d04f344",
      "from": "s3@git+https://github.com/ITakayuki/node-s3-client.git",
      "requires": {
        "aws-sdk": "~2.4.9",
        "fd-slicer": "~1.0.0",
        "findit2": "~2.2.3",
        "graceful-fs": "~4.1.4",
        "mime": "~1.2.11",
        "mkdirp": "~0.5.0",
        "pend": "~1.2.0",
        "rimraf": "~2.2.8",
        "streamsink": "~1.2.0"
      },
      "dependencies": {
        "aws-sdk": {
          "version": "2.4.14",
          "resolved": "https://registry.npmjs.org/aws-sdk/-/aws-sdk-2.4.14.tgz",
          "integrity": "sha1-aL//cGzd98s4o1YXmZmH5jecWEM=",
          "requires": {
            "jmespath": "0.15.0",
            "sax": "1.1.5",
            "xml2js": "0.4.15",
            "xmlbuilder": "2.6.2"
          }
        },
        "graceful-fs": {
          "version": "4.1.15",
          "resolved": "https://registry.npmjs.org/graceful-fs/-/graceful-fs-4.1.15.tgz",
          "integrity": "sha512-6uHUhOPEBgQ24HM+r6b/QwWfZq+yiFcipKFrOFiBEnWdy5sdzYoi+pJeQaPI5qOLRFqWmAXUPQNsielzdLoecA=="
        },
        "jmespath": {
          "version": "0.15.0",
          "resolved": "https://registry.npmjs.org/jmespath/-/jmespath-0.15.0.tgz",
          "integrity": "sha1-o/Iiqarp+Wb10nx5ZRDigJF2Qhc="
        },
        "sax": {
          "version": "1.1.5",
          "resolved": "https://registry.npmjs.org/sax/-/sax-1.1.5.tgz",
          "integrity": "sha1-HaUKjQDN7NWUBWWfX/hTSf53N0M="
        },
        "xml2js": {
          "version": "0.4.15",
          "resolved": "https://registry.npmjs.org/xml2js/-/xml2js-0.4.15.tgz",
          "integrity": "sha1-lc0D/y3RROwovGJzvysokMWBrQw=",
          "requires": {
            "sax": ">=0.6.0",
            "xmlbuilder": ">=2.4.6"
          }
        },
        "xmlbuilder": {
          "version": "2.6.2",
          "resolved": "https://registry.npmjs.org/xmlbuilder/-/xmlbuilder-2.6.2.tgz",
          "integrity": "sha1-+Rb20Q1F3BcbG+Lm5nP7bgzDXQo=",
          "requires": {
            "lodash": "~3.5.0"
          }
        }
      }
    },
    "sax": {
      "version": "1.2.1",
      "resolved": "https://registry.npmjs.org/sax/-/sax-1.2.1.tgz",
      "integrity": "sha1-e45lYZCyKOgaZq6nSEgNgozS03o="
    },
    "streamsink": {
      "version": "1.2.0",
      "resolved": "https://registry.npmjs.org/streamsink/-/streamsink-1.2.0.tgz",
      "integrity": "sha1-76/unx4i01ke1949yqlcP1559zw="
    },
    "typescript": {
      "version": "4.6.3",
      "resolved": "https://registry.npmjs.org/typescript/-/typescript-4.6.3.tgz",
      "integrity": "sha512-yNIatDa5iaofVozS/uQJEl3JRWLKKGJKh6Yaiv0GLGSuhpFJe7P3SbHZ8/yjAHRQwKRoA6YZqlfjXWmVzoVSMw==",
      "dev": true
    },
    "universalify": {
      "version": "2.0.0",
      "resolved": "https://registry.npmjs.org/universalify/-/universalify-2.0.0.tgz",
      "integrity": "sha512-hAZsKq7Yy11Zu1DE0OzWjw7nnLZmJZYTDZZyEFHZdUhV8FkH5MCfoU1XMaxXovpyW5nq5scPqq0ZDP9Zyl04oQ=="
    },
    "url": {
      "version": "0.10.3",
      "resolved": "https://registry.npmjs.org/url/-/url-0.10.3.tgz",
      "integrity": "sha1-Ah5NnHcF8hu/N9A861h2dAJ3TGQ=",
      "requires": {
        "punycode": "1.3.2",
        "querystring": "0.2.0"
      }
    },
    "uuid": {
      "version": "3.3.2",
      "resolved": "https://registry.npmjs.org/uuid/-/uuid-3.3.2.tgz",
      "integrity": "sha512-yXJmeNaw3DnnKAOKJE51sL/ZaYfWJRl1pK9dr19YFCu0ObS231AB1/LbqTKRAQ5kw8A90rA6fr4riOUpTZvQZA=="
    },
    "xml2js": {
      "version": "0.4.19",
      "resolved": "https://registry.npmjs.org/xml2js/-/xml2js-0.4.19.tgz",
      "integrity": "sha512-esZnJZJOiJR9wWKMyuvSE1y6Dq5LCuJanqhxslH2bxM6duahNZ+HMpCLhBQGZkbX6xRf8x1Y2eJlgt2q3qo49Q==",
      "requires": {
        "sax": ">=0.6.0",
        "xmlbuilder": "~9.0.1"
      }
    },
    "xmlbuilder": {
      "version": "9.0.7",
      "resolved": "https://registry.npmjs.org/xmlbuilder/-/xmlbuilder-9.0.7.tgz",
      "integrity": "sha1-Ey7mPS7FVlxVfiD0wi35rKaGsQ0="
    }
  }
}
